
Microsoft Visual Studio Solution File, Format Version 12.00
# Visual Studio 15
VisualStudioVersion = 15.0.28010.2036
MinimumVisualStudioVersion = 10.0.40219.1
Project("{FAE04EC0-301F-11D3-BF4B-00C04F79EFBC}") = "SiaCod_RGR", "SiaCod_RGR\SiaCod_RGR.csproj", "{D3D4DF7A-2B36-45FA-9311-6C1913DEEF90}"
EndProject
Global
	GlobalSection(SolutionConfigurationPlatforms) = preSolution
		Debug|Any CPU = Debug|Any CPU
		Release|Any CPU = Release|Any CPU
	EndGlobalSection
	GlobalSection(ProjectConfigurationPlatforms) = postSolution
		{D3D4DF7A-2B36-45FA-9311-6C1913DEEF90}.Debug|Any CPU.ActiveCfg = Debug|Any CPU
		{D3D4DF7A-2B36-45FA-9311-6C1913DEEF90}.Debug|Any CPU.Build.0 = Debug|Any CPU
		{D3D4DF7A-2B36-45FA-9311-6C1913DEEF90}.Release|Any CPU.ActiveCfg = Release|Any CPU
		{D3D4DF7A-2B36-45FA-9311-6C1913DEEF90}.Release|Any CPU.Build.0 = Release|Any CPU
	EndGlobalSection
	GlobalSection(SolutionProperties) = preSolution
		HideSolutionNode = FALSE
	EndGlobalSection
	GlobalSection(ExtensibilityGlobals) = postSolution
		SolutionGuid = {4DB0C24E-C710-47BC-AE48-B49A2E6AB672}
	EndGlobalSection
EndGlobal
